// !$*UTF8*$!
{
	archiveVersion = 1;
	classes = {
	};
	objectVersion = 50;
	objects = {

/* Begin PBXBuildFile section */
		A8102A6B21D4999E00541DBB /* AppDelegate.swift in Sources */ = {isa = PBXBuildFile; fileRef = A8102A6A21D4999E00541DBB /* AppDelegate.swift */; };
		A8102A6D21D4999E00541DBB /* ViewController.swift in Sources */ = {isa = PBXBuildFile; fileRef = A8102A6C21D4999E00541DBB /* ViewController.swift */; };
		A8102A7021D4999E00541DBB /* Main.storyboard in Resources */ = {isa = PBXBuildFile; fileRef = A8102A6E21D4999E00541DBB /* Main.storyboard */; };
		A8102A7221D499A600541DBB /* Assets.xcassets in Resources */ = {isa = PBXBuildFile; fileRef = A8102A7121D499A600541DBB /* Assets.xcassets */; };
		A8102A7521D499A600541DBB /* LaunchScreen.storyboard in Resources */ = {isa = PBXBuildFile; fileRef = A8102A7321D499A600541DBB /* LaunchScreen.storyboard */; };
		A8102A7D21D49D0700541DBB /* WeatherDataSource.swift in Sources */ = {isa = PBXBuildFile; fileRef = A8102A7C21D49D0700541DBB /* WeatherDataSource.swift */; };
		A8102A7F21D4ADE700541DBB /* ForecastViewController.swift in Sources */ = {isa = PBXBuildFile; fileRef = A8102A7E21D4ADE700541DBB /* ForecastViewController.swift */; };
		A8102A8121D4B0CA00541DBB /* WeatherTableViewCell.swift in Sources */ = {isa = PBXBuildFile; fileRef = A8102A8021D4B0CA00541DBB /* WeatherTableViewCell.swift */; };
/* End PBXBuildFile section */

/* Begin PBXFileReference section */
		A8102A6721D4999E00541DBB /* WeatherExample.app */ = {isa = PBXFileReference; explicitFileType = wrapper.application; includeInIndex = 0; path = WeatherExample.app; sourceTree = BUILT_PRODUCTS_DIR; };
		A8102A6A21D4999E00541DBB /* AppDelegate.swift */ = {isa = PBXFileReference; lastKnownFileType = sourcecode.swift; path = AppDelegate.swift; sourceTree = "<group>"; };
		A8102A6C21D4999E00541DBB /* ViewController.swift */ = {isa = PBXFileReference; lastKnownFileType = sourcecode.swift; path = ViewController.swift; sourceTree = "<group>"; };
		A8102A6F21D4999E00541DBB /* Base */ = {isa = PBXFileReference; lastKnownFileType = file.storyboard; name = Base; path = Base.lproj/Main.storyboard; sourceTree = "<group>"; };
		A8102A7121D499A600541DBB /* Assets.xcassets */ = {isa = PBXFileReference; lastKnownFileType = folder.assetcatalog; path = Assets.xcassets; sourceTree = "<group>"; };
		A8102A7421D499A600541DBB /* Base */ = {isa = PBXFileReference; lastKnownFileType = file.storyboard; name = Base; path = Base.lproj/LaunchScreen.storyboard; sourceTree = "<group>"; };
		A8102A7621D499A600541DBB /* Info.plist */ = {isa = PBXFileReference; lastKnownFileType = text.plist.xml; path = Info.plist; sourceTree = "<group>"; };
		A8102A7C21D49D0700541DBB /* WeatherDataSource.swift */ = {isa = PBXFileReference; lastKnownFileType = sourcecode.swift; path = WeatherDataSource.swift; sourceTree = "<group>"; };
		A8102A7E21D4ADE700541DBB /* ForecastViewController.swift */ = {isa = PBXFileReference; lastKnownFileType = sourcecode.swift; path = ForecastViewController.swift; sourceTree = "<group>"; };
		A8102A8021D4B0CA00541DBB /* WeatherTableViewCell.swift */ = {isa = PBXFileReference; lastKnownFileType = sourcecode.swift; path = WeatherTableViewCell.swift; sourceTree = "<group>"; };
/* End PBXFileReference section */

/* Begin PBXFrameworksBuildPhase section */
		A8102A6421D4999E00541DBB /* Frameworks */ = {
			isa = PBXFrameworksBuildPhase;
			buildActionMask = 2147483647;
			files = (
			);
			runOnlyForDeploymentPostprocessing = 0;
		};
/* End PBXFrameworksBuildPhase section */

/* Begin PBXGroup section */
		A8102A5E21D4999E00541DBB = {
			isa = PBXGroup;
			children = (
				A8102A6921D4999E00541DBB /* WeatherExample */,
				A8102A6821D4999E00541DBB /* Products */,
			);
			sourceTree = "<group>";
		};
		A8102A6821D4999E00541DBB /* Products */ = {
			isa = PBXGroup;
			children = (
				A8102A6721D4999E00541DBB /* WeatherExample.app */,
			);
			name = Products;
			sourceTree = "<group>";
		};
		A8102A6921D4999E00541DBB /* WeatherExample */ = {
			isa = PBXGroup;
			children = (
				A8102A6A21D4999E00541DBB /* AppDelegate.swift */,
				A8102A6C21D4999E00541DBB /* ViewController.swift */,
				A8102A7E21D4ADE700541DBB /* ForecastViewController.swift */,
				A8102A6E21D4999E00541DBB /* Main.storyboard */,
				A8102A7121D499A600541DBB /* Assets.xcassets */,
				A8102A7321D499A600541DBB /* LaunchScreen.storyboard */,
				A8102A7621D499A600541DBB /* Info.plist */,
				A8102A7C21D49D0700541DBB /* WeatherDataSource.swift */,
				A8102A8021D4B0CA00541DBB /* WeatherTableViewCell.swift */,
			);
			path = WeatherExample;
			sourceTree = "<group>";
		};
/* End PBXGroup section */

/* Begin PBXNativeTarget section */
		A8102A6621D4999E00541DBB /* WeatherExample */ = {
			isa = PBXNativeTarget;
			buildConfigurationList = A8102A7921D499A600541DBB /* Build configuration list for PBXNativeTarget "WeatherExample" */;
			buildPhases = (
				A8102A6321D4999E00541DBB /* Sources */,
				A8102A6421D4999E00541DBB /* Frameworks */,
				A8102A6521D4999E00541DBB /* Resources */,
			);
			buildRules = (
			);
			dependencies = (
			);
			name = WeatherExample;
			productName = WeatherExample;
			productReference = A8102A6721D4999E00541DBB /* WeatherExample.app */;
			productType = "com.apple.product-type.application";
		};
/* End PBXNativeTarget section */

/* Begin PBXProject section */
		A8102A5F21D4999E00541DBB /* Project object */ = {
			isa = PBXProject;
			attributes = {
				LastSwiftUpdateCheck = 1010;
				LastUpgradeCheck = 1010;
				ORGANIZATIONNAME = RUMAD;
				TargetAttributes = {
					A8102A6621D4999E00541DBB = {
						CreatedOnToolsVersion = 10.1;
					};
				};
			};
			buildConfigurationList = A8102A6221D4999E00541DBB /* Build configuration list for PBXProject "WeatherExample" */;
			compatibilityVersion = "Xcode 9.3";
			developmentRegion = en;
			hasScannedForEncodings = 0;
			knownRegions = (
				en,
				Base,
			);
			mainGroup = A8102A5E21D4999E00541DBB;
			productRefGroup = A8102A6821D4999E00541DBB /* Products */;
			projectDirPath = "";
			projectRoot = "";
			targets = (
				A8102A6621D4999E00541DBB /* WeatherExample */,
			);
		};
/* End PBXProject section */

/* Begin PBXResourcesBuildPhase section */
		A8102A6521D4999E00541DBB /* Resources */ = {
			isa = PBXResourcesBuildPhase;
			buildActionMask = 2147483647;
			files = (
				A8102A7521D499A600541DBB /* LaunchScreen.storyboard in Resources */,
				A8102A7221D499A600541DBB /* Assets.xcassets in Resources */,
				A8102A7021D4999E00541DBB /* Main.storyboard in Resources */,
			);
			runOnlyForDeploymentPostprocessing = 0;
		};
/* End PBXResourcesBuildPhase section */

/* Begin PBXSourcesBuildPhase section */
		A8102A6321D4999E00541DBB /* Sources */ = {
			isa = PBXSourcesBuildPhase;
			buildActionMask = 2147483647;
			files = (
				A8102A8121D4B0CA00541DBB /* WeatherTableViewCell.swift in Sources */,
				A8102A6D21D4999E00541DBB /* ViewController.swift in Sources */,
				A8102A7F21D4ADE700541DBB /* ForecastViewController.swift in Sources */,
				A8102A6B21D4999E00541DBB /* AppDelegate.swift in Sources */,
				A8102A7D21D49D0700541DBB /* WeatherDataSource.swift in Sources */,
			);
			runOnlyForDeploymentPostprocessing = 0;
		};
/* End PBXSourcesBuildPhase section */

/* Begin PBXVariantGroup section */
		A8102A6E21D4999E00541DBB /* Main.storyboard */ = {
			isa = PBXVariantGroup;
			children = (
				A8102A6F21D4999E00541DBB /* Base */,
			);
			name = Main.storyboard;
			sourceTree = "<group>";
		};
		A8102A7321D499A600541DBB /* LaunchScreen.storyboard */ = {
			isa = PBXVariantGroup;
			children = (
				A8102A7421D499A600541DBB /* Base */,
			);
			name = LaunchScreen.storyboard;
			sourceTree = "<group>";
		};
/* End PBXVariantGroup section */

/* Begin XCBuildConfiguration section */
		A8102A7721D499A600541DBB /* Debug */ = {
			isa = XCBuildConfiguration;
			buildSettings = {
				ALWAYS_SEARCH_USER_PATHS = NO;
				CLANG_ANALYZER_NONNULL = YES;
				CLANG_ANALYZER_NUMBER_OBJECT_CONVERSION = YES_AGGRESSIVE;
				CLANG_CXX_LANGUAGE_STANDARD = "gnu++14";
				CLANG_CXX_LIBRARY = "libc++";
				CLANG_ENABLE_MODULES = YES;
				CLANG_ENABLE_OBJC_ARC = YES;
				CLANG_ENABLE_OBJC_WEAK = YES;
				CLANG_WARN_BLOCK_CAPTURE_AUTORELEASING = YES;
				CLANG_WARN_BOOL_CONVERSION = YES;
				CLANG_WARN_COMMA = YES;
				CLANG_WARN_CONSTANT_CONVERSION = YES;
				CLANG_WARN_DEPRECATED_OBJC_IMPLEMENTATIONS = YES;
				CLANG_WARN_DIRECT_OBJC_ISA_USAGE = YES_ERROR;
				CLANG_WARN_DOCUMENTATION_COMMENTS = YES;
				CLANG_WARN_EMPTY_BODY = YES;
				CLANG_WARN_ENUM_CONVERSION = YES;
				CLANG_WARN_INFINITE_RECURSION = YES;
				CLANG_WARN_INT_CONVERSION = YES;
				CLANG_WARN_NON_LITERAL_NULL_CONVERSION = YES;
				CLANG_WARN_OBJC_IMPLICIT_RETAIN_SELF = YES;
				CLANG_WARN_OBJC_LITERAL_CONVERSION = YES;
				CLANG_WARN_OBJC_ROOT_CLASS = YES_ERROR;
				CLANG_WARN_RANGE_LOOP_ANALYSIS = YES;
				CLANG_WARN_STRICT_PROTOTYPES = YES;
				CLANG_WARN_SUSPICIOUS_MOVE = YES;
				CLANG_WARN_UNGUARDED_AVAILABILITY = YES_AGGRESSIVE;
				CLANG_WARN_UNREACHABLE_CODE = YES;
				CLANG_WARN__DUPLICATE_METHOD_MATCH = YES;
				CODE_SIGN_IDENTITY = "iPhone Developer";
				COPY_PHASE_STRIP = NO;
				DEBUG_INFORMATION_FORMAT = dwarf;
				ENABLE_STRICT_OBJC_MSGSEND = YES;
				ENABLE_TESTABILITY = YES;
				GCC_C_LANGUAGE_STANDARD = gnu11;
				GCC_DYNAMIC_NO_PIC = NO;
				GCC_NO_COMMON_BLOCKS = YES;
				GCC_OPTIMIZATION_LEVEL = 0;
				GCC_PREPROCESSOR_DEFINITIONS = (
					"DEBUG=1",
					"$(inherited)",
				);
				GCC_WARN_64_TO_32_BIT_CONVERSION = YES;
				GCC_WARN_ABOUT_RETURN_TYPE = YES_ERROR;
				GCC_WARN_UNDECLARED_SELECTOR = YES;
				GCC_WARN_UNINITIALIZED_AUTOS = YES_AGGRESSIVE;
				GCC_WARN_UNUSED_FUNCTION = YES;
				GCC_WARN_UNUSED_VARIABLE = YES;
				IPHONEOS_DEPLOYMENT_TARGET = 12.1;
				MTL_ENABLE_DEBUG_INFO = INCLUDE_SOURCE;
				MTL_FAST_MATH = YES;
				ONLY_ACTIVE_ARCH = YES;
				SDKROOT = iphoneos;
				SWIFT_ACTIVE_COMPILATION_CONDITIONS = DEBUG;
				SWIFT_OPTIMIZATION_LEVEL = "-Onone";
			};
			name = Debug;
		};
		A8102A7821D499A600541DBB /* Release */ = {
			isa = XCBuildConfiguration;
			buildSettings = {
				ALWAYS_SEARCH_USER_PATHS = NO;
				CLANG_ANALYZER_NONNULL = YES;
				CLANG_ANALYZER_NUMBER_OBJECT_CONVERSION = YES_AGGRESSIVE;
				CLANG_CXX_LANGUAGE_STANDARD = "gnu++14";
				CLANG_CXX_LIBRARY = "libc++";
				CLANG_ENABLE_MODULES = YES;
				CLANG_ENABLE_OBJC_ARC = YES;
				CLANG_ENABLE_OBJC_WEAK = YES;
				CLANG_WARN_BLOCK_CAPTURE_AUTORELEASING = YES;
				CLANG_WARN_BOOL_CONVERSION = YES;
				CLANG_WARN_COMMA = YES;
				CLANG_WARN_CONSTANT_CONVERSION = YES;
				CLANG_WARN_DEPRECATED_OBJC_IMPLEMENTATIONS = YES;
				CLANG_WARN_DIRECT_OBJC_ISA_USAGE = YES_ERROR;
				CLANG_WARN_DOCUMENTATION_COMMENTS = YES;
				CLANG_WARN_EMPTY_BODY = YES;
				CLANG_WARN_ENUM_CONVERSION = YES;
				CLANG_WARN_INFINITE_RECURSION = YES;
				CLANG_WARN_INT_CONVERSION = YES;
				CLANG_WARN_NON_LITERAL_NULL_CONVERSION = YES;
				CLANG_WARN_OBJC_IMPLICIT_RETAIN_SELF = YES;
				CLANG_WARN_OBJC_LITERAL_CONVERSION = YES;
				CLANG_WARN_OBJC_ROOT_CLASS = YES_ERROR;
				CLANG_WARN_RANGE_LOOP_ANALYSIS = YES;
				CLANG_WARN_STRICT_PROTOTYPES = YES;
				CLANG_WARN_SUSPICIOUS_MOVE = YES;
				CLANG_WARN_UNGUARDED_AVAILABILITY = YES_AGGRESSIVE;
				CLANG_WARN_UNREACHABLE_CODE = YES;
				CLANG_WARN__DUPLICATE_METHOD_MATCH = YES;
				CODE_SIGN_IDENTITY = "iPhone Developer";
				COPY_PHASE_STRIP = NO;
				DEBUG_INFORMATION_FORMAT = "dwarf-with-dsym";
				ENABLE_NS_ASSERTIONS = NO;
				ENABLE_STRICT_OBJC_MSGSEND = YES;
				GCC_C_LANGUAGE_STANDARD = gnu11;
				GCC_NO_COMMON_BLOCKS = YES;
				GCC_WARN_64_TO_32_BIT_CONVERSION = YES;
				GCC_WARN_ABOUT_RETURN_TYPE = YES_ERROR;
				GCC_WARN_UNDECLARED_SELECTOR = YES;
				GCC_WARN_UNINITIALIZED_AUTOS = YES_AGGRESSIVE;
				GCC_WARN_UNUSED_FUNCTION = YES;
				GCC_WARN_UNUSED_VARIABLE = YES;
				IPHONEOS_DEPLOYMENT_TARGET = 12.1;
				MTL_ENABLE_DEBUG_INFO = NO;
				MTL_FAST_MATH = YES;
				SDKROOT = iphoneos;
				SWIFT_COMPILATION_MODE = wholemodule;
				SWIFT_OPTIMIZATION_LEVEL = "-O";
				VALIDATE_PRODUCT = YES;
			};
			name = Release;
		};
		A8102A7A21D499A600541DBB /* Debug */ = {
			isa = XCBuildConfiguration;
			buildSettings = {
				ASSETCATALOG_COMPILER_APPICON_NAME = AppIcon;
				CODE_SIGN_STYLE = Automatic;
				DEVELOPMENT_TEAM = G3C7HTN75X;
				INFOPLIST_FILE = WeatherExample/Info.plist;
				LD_RUNPATH_SEARCH_PATHS = (
					"$(inherited)",
					"@executable_path/Frameworks",
				);
				PRODUCT_BUNDLE_IDENTIFIER = com.RUMAD.WeatherExample;
				PRODUCT_NAME = "$(TARGET_NAME)";
				SWIFT_VERSION = 4.2;
				TARGETED_DEVICE_FAMILY = "1,2";
			};
			name = Debug;
		};
		A8102A7B21D499A600541DBB /* Release */ = {
			isa = XCBuildConfiguration;
			buildSettings = {
				ASSETCATALOG_COMPILER_APPICON_NAME = AppIcon;
				CODE_SIGN_STYLE = Automatic;
				DEVELOPMENT_TEAM = G3C7HTN75X;
				INFOPLIST_FILE = WeatherExample/Info.plist;
				LD_RUNPATH_SEARCH_PATHS = (
					"$(inherited)",
					"@executable_path/Frameworks",
				);
				PRODUCT_BUNDLE_IDENTIFIER = com.RUMAD.WeatherExample;
				PRODUCT_NAME = "$(TARGET_NAME)";
				SWIFT_VERSION = 4.2;
				TARGETED_DEVICE_FAMILY = "1,2";
			};
			name = Release;
		};
/* End XCBuildConfiguration section */

/* Begin XCConfigurationList section */
		A8102A6221D4999E00541DBB /* Build configuration list for PBXProject "WeatherExample" */ = {
			isa = XCConfigurationList;
			buildConfigurations = (
				A8102A7721D499A600541DBB /* Debug */,
				A8102A7821D499A600541DBB /* Release */,
			);
			defaultConfigurationIsVisible = 0;
			defaultConfigurationName = Release;
		};
		A8102A7921D499A600541DBB /* Build configuration list for PBXNativeTarget "WeatherExample" */ = {
			isa = XCConfigurationList;
			buildConfigurations = (
				A8102A7A21D499A600541DBB /* Debug */,
				A8102A7B21D499A600541DBB /* Release */,
			);
			defaultConfigurationIsVisible = 0;
			defaultConfigurationName = Release;
		};
/* End XCConfigurationList section */
	};
	rootObject = A8102A5F21D4999E00541DBB /* Project object */;
}
